
Microsoft Visual Studio Solution File, Format Version 12.00
# Visual Studio 2012
Project("{FAE04EC0-301F-11D3-BF4B-00C04F79EFBC}") = "Infrastruture", "Infrastruture\Infrastruture.csproj", "{009A65BD-93C7-4F58-9DA2-5BC96DF221F6}"
EndProject
Project("{FAE04EC0-301F-11D3-BF4B-00C04F79EFBC}") = "Core", "Core\Core.csproj", "{08DC069E-317C-44BF-BCF0-5D67D86D519F}"
EndProject
Project("{2150E333-8FDC-42A3-9474-1A3956D46DE8}") = "Tests", "Tests", "{701C52C6-B085-4E46-9B89-050537F093A4}"
EndProject
Project("{FAE04EC0-301F-11D3-BF4B-00C04F79EFBC}") = "StartCompeting.UnitTests", "StartCompeting.UnitTests\StartCompeting.UnitTests.csproj", "{63D72A96-83A6-4617-AD69-6CF837488C43}"
EndProject
Project("{FAE04EC0-301F-11D3-BF4B-00C04F79EFBC}") = "StartCompeting.IntegrationTests", "StartCompeting.IntegrationTests\StartCompeting.IntegrationTests.csproj", "{DF082EE2-99F6-441F-A587-6DC5C16775C1}"
EndProject
Project("{FAE04EC0-301F-11D3-BF4B-00C04F79EFBC}") = "StartCompeting.Frontend.Web", "StartCompeting.Frontend.Web\StartCompeting.Frontend.Web.csproj", "{FC61C29B-6121-4D07-8235-74284FBA5693}"
EndProject
Project("{2150E333-8FDC-42A3-9474-1A3956D46DE8}") = ".nuget", ".nuget", "{2BD05261-085F-4B71-A0A0-358CE74E2194}"
	ProjectSection(SolutionItems) = preProject
		.nuget\packages.config = .nuget\packages.config
	EndProjectSection
EndProject
Global
	GlobalSection(SolutionConfigurationPlatforms) = preSolution
		Debug|Any CPU = Debug|Any CPU
		Release|Any CPU = Release|Any CPU
	EndGlobalSection
	GlobalSection(ProjectConfigurationPlatforms) = postSolution
		{009A65BD-93C7-4F58-9DA2-5BC96DF221F6}.Debug|Any CPU.ActiveCfg = Debug|Any CPU
		{009A65BD-93C7-4F58-9DA2-5BC96DF221F6}.Debug|Any CPU.Build.0 = Debug|Any CPU
		{009A65BD-93C7-4F58-9DA2-5BC96DF221F6}.Release|Any CPU.ActiveCfg = Release|Any CPU
		{009A65BD-93C7-4F58-9DA2-5BC96DF221F6}.Release|Any CPU.Build.0 = Release|Any CPU
		{08DC069E-317C-44BF-BCF0-5D67D86D519F}.Debug|Any CPU.ActiveCfg = Debug|Any CPU
		{08DC069E-317C-44BF-BCF0-5D67D86D519F}.Debug|Any CPU.Build.0 = Debug|Any CPU
		{08DC069E-317C-44BF-BCF0-5D67D86D519F}.Release|Any CPU.ActiveCfg = Release|Any CPU
		{08DC069E-317C-44BF-BCF0-5D67D86D519F}.Release|Any CPU.Build.0 = Release|Any CPU
		{63D72A96-83A6-4617-AD69-6CF837488C43}.Debug|Any CPU.ActiveCfg = Debug|Any CPU
		{63D72A96-83A6-4617-AD69-6CF837488C43}.Debug|Any CPU.Build.0 = Debug|Any CPU
		{63D72A96-83A6-4617-AD69-6CF837488C43}.Release|Any CPU.ActiveCfg = Release|Any CPU
		{63D72A96-83A6-4617-AD69-6CF837488C43}.Release|Any CPU.Build.0 = Release|Any CPU
		{DF082EE2-99F6-441F-A587-6DC5C16775C1}.Debug|Any CPU.ActiveCfg = Debug|Any CPU
		{DF082EE2-99F6-441F-A587-6DC5C16775C1}.Debug|Any CPU.Build.0 = Debug|Any CPU
		{DF082EE2-99F6-441F-A587-6DC5C16775C1}.Release|Any CPU.ActiveCfg = Release|Any CPU
		{DF082EE2-99F6-441F-A587-6DC5C16775C1}.Release|Any CPU.Build.0 = Release|Any CPU
		{FC61C29B-6121-4D07-8235-74284FBA5693}.Debug|Any CPU.ActiveCfg = Debug|Any CPU
		{FC61C29B-6121-4D07-8235-74284FBA5693}.Debug|Any CPU.Build.0 = Debug|Any CPU
		{FC61C29B-6121-4D07-8235-74284FBA5693}.Release|Any CPU.ActiveCfg = Release|Any CPU
		{FC61C29B-6121-4D07-8235-74284FBA5693}.Release|Any CPU.Build.0 = Release|Any CPU
	EndGlobalSection
	GlobalSection(SolutionProperties) = preSolution
		HideSolutionNode = FALSE
	EndGlobalSection
	GlobalSection(NestedProjects) = preSolution
		{63D72A96-83A6-4617-AD69-6CF837488C43} = {701C52C6-B085-4E46-9B89-050537F093A4}
		{DF082EE2-99F6-441F-A587-6DC5C16775C1} = {701C52C6-B085-4E46-9B89-050537F093A4}
	EndGlobalSection
EndGlobal
