
Microsoft Visual Studio Solution File, Format Version 12.00
# Visual Studio 2013
VisualStudioVersion = 12.0.30723.0
MinimumVisualStudioVersion = 10.0.40219.1
Project("{FAE04EC0-301F-11D3-BF4B-00C04F79EFBC}") = "Infrastruture", "Infrastruture\Infrastruture.csproj", "{009A65BD-93C7-4F58-9DA2-5BC96DF221F6}"
EndProject
Project("{FAE04EC0-301F-11D3-BF4B-00C04F79EFBC}") = "Core", "Core\Core.csproj", "{08DC069E-317C-44BF-BCF0-5D67D86D519F}"
EndProject
Project("{2150E333-8FDC-42A3-9474-1A3956D46DE8}") = "Tests", "Tests", "{701C52C6-B085-4E46-9B89-050537F093A4}"
EndProject
Project("{FAE04EC0-301F-11D3-BF4B-00C04F79EFBC}") = "StartCompeting.UnitTests", "StartCompeting.UnitTests\StartCompeting.UnitTests.csproj", "{63D72A96-83A6-4617-AD69-6CF837488C43}"
EndProject
Project("{FAE04EC0-301F-11D3-BF4B-00C04F79EFBC}") = "StartCompeting.IntegrationTests", "StartCompeting.IntegrationTests\StartCompeting.IntegrationTests.csproj", "{DF082EE2-99F6-441F-A587-6DC5C16775C1}"
EndProject
Project("{FAE04EC0-301F-11D3-BF4B-00C04F79EFBC}") = "StartCompeting.Frontend.Web", "StartCompeting.Frontend.Web\StartCompeting.Frontend.Web.csproj", "{FC61C29B-6121-4D07-8235-74284FBA5693}"
EndProject
Project("{2150E333-8FDC-42A3-9474-1A3956D46DE8}") = ".nuget", ".nuget", "{2BD05261-085F-4B71-A0A0-358CE74E2194}"
	ProjectSection(SolutionItems) = preProject
		.nuget\packages.config = .nuget\packages.config
	EndProjectSection
EndProject
Project("{FAE04EC0-301F-11D3-BF4B-00C04F79EFBC}") = "StartCompeting.Frontend.WindowsPhone", "StartCompeting.Frontend.WindowsPhone\StartCompeting.Frontend.WindowsPhone.csproj", "{42C48902-A4B1-4589-9061-D948708C53B6}"
EndProject
Project("{2150E333-8FDC-42A3-9474-1A3956D46DE8}") = "Tools", "Tools", "{EF5FC74A-F610-4750-A2D3-98FF9A79B0B6}"
EndProject
Project("{FAE04EC0-301F-11D3-BF4B-00C04F79EFBC}") = "StartCompeting.Tools.Import", "StartCompeting.Tools.Import\StartCompeting.Tools.Import.csproj", "{E0B5CF36-6079-42AD-AC60-F62EF886C3A4}"
EndProject
Global
	GlobalSection(SolutionConfigurationPlatforms) = preSolution
		Debug|Any CPU = Debug|Any CPU
		Debug|ARM = Debug|ARM
		Debug|x86 = Debug|x86
		Release|Any CPU = Release|Any CPU
		Release|ARM = Release|ARM
		Release|x86 = Release|x86
	EndGlobalSection
	GlobalSection(ProjectConfigurationPlatforms) = postSolution
		{009A65BD-93C7-4F58-9DA2-5BC96DF221F6}.Debug|Any CPU.ActiveCfg = Debug|Any CPU
		{009A65BD-93C7-4F58-9DA2-5BC96DF221F6}.Debug|Any CPU.Build.0 = Debug|Any CPU
		{009A65BD-93C7-4F58-9DA2-5BC96DF221F6}.Debug|ARM.ActiveCfg = Debug|Any CPU
		{009A65BD-93C7-4F58-9DA2-5BC96DF221F6}.Debug|x86.ActiveCfg = Debug|Any CPU
		{009A65BD-93C7-4F58-9DA2-5BC96DF221F6}.Release|Any CPU.ActiveCfg = Release|Any CPU
		{009A65BD-93C7-4F58-9DA2-5BC96DF221F6}.Release|Any CPU.Build.0 = Release|Any CPU
		{009A65BD-93C7-4F58-9DA2-5BC96DF221F6}.Release|ARM.ActiveCfg = Release|Any CPU
		{009A65BD-93C7-4F58-9DA2-5BC96DF221F6}.Release|x86.ActiveCfg = Release|Any CPU
		{08DC069E-317C-44BF-BCF0-5D67D86D519F}.Debug|Any CPU.ActiveCfg = Debug|Any CPU
		{08DC069E-317C-44BF-BCF0-5D67D86D519F}.Debug|Any CPU.Build.0 = Debug|Any CPU
		{08DC069E-317C-44BF-BCF0-5D67D86D519F}.Debug|ARM.ActiveCfg = Debug|Any CPU
		{08DC069E-317C-44BF-BCF0-5D67D86D519F}.Debug|x86.ActiveCfg = Debug|Any CPU
		{08DC069E-317C-44BF-BCF0-5D67D86D519F}.Release|Any CPU.ActiveCfg = Release|Any CPU
		{08DC069E-317C-44BF-BCF0-5D67D86D519F}.Release|Any CPU.Build.0 = Release|Any CPU
		{08DC069E-317C-44BF-BCF0-5D67D86D519F}.Release|ARM.ActiveCfg = Release|Any CPU
		{08DC069E-317C-44BF-BCF0-5D67D86D519F}.Release|x86.ActiveCfg = Release|Any CPU
		{63D72A96-83A6-4617-AD69-6CF837488C43}.Debug|Any CPU.ActiveCfg = Debug|Any CPU
		{63D72A96-83A6-4617-AD69-6CF837488C43}.Debug|Any CPU.Build.0 = Debug|Any CPU
		{63D72A96-83A6-4617-AD69-6CF837488C43}.Debug|ARM.ActiveCfg = Debug|Any CPU
		{63D72A96-83A6-4617-AD69-6CF837488C43}.Debug|x86.ActiveCfg = Debug|Any CPU
		{63D72A96-83A6-4617-AD69-6CF837488C43}.Release|Any CPU.ActiveCfg = Release|Any CPU
		{63D72A96-83A6-4617-AD69-6CF837488C43}.Release|Any CPU.Build.0 = Release|Any CPU
		{63D72A96-83A6-4617-AD69-6CF837488C43}.Release|ARM.ActiveCfg = Release|Any CPU
		{63D72A96-83A6-4617-AD69-6CF837488C43}.Release|x86.ActiveCfg = Release|Any CPU
		{DF082EE2-99F6-441F-A587-6DC5C16775C1}.Debug|Any CPU.ActiveCfg = Debug|Any CPU
		{DF082EE2-99F6-441F-A587-6DC5C16775C1}.Debug|Any CPU.Build.0 = Debug|Any CPU
		{DF082EE2-99F6-441F-A587-6DC5C16775C1}.Debug|ARM.ActiveCfg = Debug|Any CPU
		{DF082EE2-99F6-441F-A587-6DC5C16775C1}.Debug|x86.ActiveCfg = Debug|Any CPU
		{DF082EE2-99F6-441F-A587-6DC5C16775C1}.Release|Any CPU.ActiveCfg = Release|Any CPU
		{DF082EE2-99F6-441F-A587-6DC5C16775C1}.Release|Any CPU.Build.0 = Release|Any CPU
		{DF082EE2-99F6-441F-A587-6DC5C16775C1}.Release|ARM.ActiveCfg = Release|Any CPU
		{DF082EE2-99F6-441F-A587-6DC5C16775C1}.Release|x86.ActiveCfg = Release|Any CPU
		{FC61C29B-6121-4D07-8235-74284FBA5693}.Debug|Any CPU.ActiveCfg = Debug|Any CPU
		{FC61C29B-6121-4D07-8235-74284FBA5693}.Debug|Any CPU.Build.0 = Debug|Any CPU
		{FC61C29B-6121-4D07-8235-74284FBA5693}.Debug|ARM.ActiveCfg = Debug|Any CPU
		{FC61C29B-6121-4D07-8235-74284FBA5693}.Debug|x86.ActiveCfg = Debug|Any CPU
		{FC61C29B-6121-4D07-8235-74284FBA5693}.Release|Any CPU.ActiveCfg = Release|Any CPU
		{FC61C29B-6121-4D07-8235-74284FBA5693}.Release|Any CPU.Build.0 = Release|Any CPU
		{FC61C29B-6121-4D07-8235-74284FBA5693}.Release|ARM.ActiveCfg = Release|Any CPU
		{FC61C29B-6121-4D07-8235-74284FBA5693}.Release|x86.ActiveCfg = Release|Any CPU
		{42C48902-A4B1-4589-9061-D948708C53B6}.Debug|Any CPU.ActiveCfg = Debug|Any CPU
		{42C48902-A4B1-4589-9061-D948708C53B6}.Debug|Any CPU.Build.0 = Debug|Any CPU
		{42C48902-A4B1-4589-9061-D948708C53B6}.Debug|Any CPU.Deploy.0 = Debug|Any CPU
		{42C48902-A4B1-4589-9061-D948708C53B6}.Debug|ARM.ActiveCfg = Debug|ARM
		{42C48902-A4B1-4589-9061-D948708C53B6}.Debug|ARM.Build.0 = Debug|ARM
		{42C48902-A4B1-4589-9061-D948708C53B6}.Debug|ARM.Deploy.0 = Debug|ARM
		{42C48902-A4B1-4589-9061-D948708C53B6}.Debug|x86.ActiveCfg = Debug|x86
		{42C48902-A4B1-4589-9061-D948708C53B6}.Debug|x86.Build.0 = Debug|x86
		{42C48902-A4B1-4589-9061-D948708C53B6}.Debug|x86.Deploy.0 = Debug|x86
		{42C48902-A4B1-4589-9061-D948708C53B6}.Release|Any CPU.ActiveCfg = Release|Any CPU
		{42C48902-A4B1-4589-9061-D948708C53B6}.Release|Any CPU.Build.0 = Release|Any CPU
		{42C48902-A4B1-4589-9061-D948708C53B6}.Release|Any CPU.Deploy.0 = Release|Any CPU
		{42C48902-A4B1-4589-9061-D948708C53B6}.Release|ARM.ActiveCfg = Release|ARM
		{42C48902-A4B1-4589-9061-D948708C53B6}.Release|ARM.Build.0 = Release|ARM
		{42C48902-A4B1-4589-9061-D948708C53B6}.Release|ARM.Deploy.0 = Release|ARM
		{42C48902-A4B1-4589-9061-D948708C53B6}.Release|x86.ActiveCfg = Release|x86
		{42C48902-A4B1-4589-9061-D948708C53B6}.Release|x86.Build.0 = Release|x86
		{42C48902-A4B1-4589-9061-D948708C53B6}.Release|x86.Deploy.0 = Release|x86
		{E0B5CF36-6079-42AD-AC60-F62EF886C3A4}.Debug|Any CPU.ActiveCfg = Debug|Any CPU
		{E0B5CF36-6079-42AD-AC60-F62EF886C3A4}.Debug|Any CPU.Build.0 = Debug|Any CPU
		{E0B5CF36-6079-42AD-AC60-F62EF886C3A4}.Debug|ARM.ActiveCfg = Debug|Any CPU
		{E0B5CF36-6079-42AD-AC60-F62EF886C3A4}.Debug|x86.ActiveCfg = Debug|Any CPU
		{E0B5CF36-6079-42AD-AC60-F62EF886C3A4}.Release|Any CPU.ActiveCfg = Release|Any CPU
		{E0B5CF36-6079-42AD-AC60-F62EF886C3A4}.Release|Any CPU.Build.0 = Release|Any CPU
		{E0B5CF36-6079-42AD-AC60-F62EF886C3A4}.Release|ARM.ActiveCfg = Release|Any CPU
		{E0B5CF36-6079-42AD-AC60-F62EF886C3A4}.Release|x86.ActiveCfg = Release|Any CPU
	EndGlobalSection
	GlobalSection(SolutionProperties) = preSolution
		HideSolutionNode = FALSE
	EndGlobalSection
	GlobalSection(NestedProjects) = preSolution
		{63D72A96-83A6-4617-AD69-6CF837488C43} = {701C52C6-B085-4E46-9B89-050537F093A4}
		{DF082EE2-99F6-441F-A587-6DC5C16775C1} = {701C52C6-B085-4E46-9B89-050537F093A4}
		{E0B5CF36-6079-42AD-AC60-F62EF886C3A4} = {EF5FC74A-F610-4750-A2D3-98FF9A79B0B6}
	EndGlobalSection
EndGlobal
